<?xml version="1.0" encoding="utf-8"?>
<Project ToolsVersion="4.0" xmlns="http://schemas.microsoft.com/developer/msbuild/2003">
  <ItemGroup>
    <Filter Include="Source Files">
      <UniqueIdentifier>{4FC737F1-C7A5-4376-A066-2A32D752A2FF}</UniqueIdentifier>
      <Extensions>cpp;c;cc;cxx;def;odl;idl;hpj;bat;asm;asmx</Extensions>
    </Filter>
    <Filter Include="Header Files">
      <UniqueIdentifier>{93995380-89BD-4b04-88EB-625FBE52EBFB}</UniqueIdentifier>
      <Extensions>h;hh;hpp;hxx;hm;inl;inc;xsd</Extensions>
    </Filter>
    <Filter Include="Resource Files">
      <UniqueIdentifier>{67DA6AB6-F800-4c08-8B7A-83BB121AAD01}</UniqueIdentifier>
      <Extensions>rc;ico;cur;bmp;dlg;rc2;rct;bin;rgs;gif;jpg;jpeg;jpe;resx;tiff;tif;png;wav;mfcribbon-ms</Extensions>
    </Filter>
    <Filter Include="Source Files\imgui">
      <UniqueIdentifier>{3fd5bdd8-cb2b-46c5-95c7-6fea73ddfc7d}</UniqueIdentifier>
    </Filter>
    <Filter Include="Header Files\imgui">
      <UniqueIdentifier>{20f8197a-9980-4afa-baea-5ece615d3e15}</UniqueIdentifier>
    </Filter>
    <Filter Include="Header Files\general">
      <UniqueIdentifier>{2b75c938-8dbf-4a1e-86c8-bf9c9d45c5e0}</UniqueIdentifier>
    </Filter>
    <Filter Include="Source Files\general">
      <UniqueIdentifier>{6da4cb3a-e062-44ef-8948-e9bdf11ad35b}</UniqueIdentifier>
    </Filter>
    <Filter Include="Source Files\states">
      <UniqueIdentifier>{5e5b19c0-a6bb-4d4e-a0fe-8835d93a45f6}</UniqueIdentifier>
    </Filter>
    <Filter Include="Header Files\states">
      <UniqueIdentifier>{2c2cac21-02f0-4c40-9bbe-fcefd8581366}</UniqueIdentifier>
    </Filter>
    <Filter Include="Source Files\utils">
      <UniqueIdentifier>{58f946d1-f8d0-41e5-bae5-411dc305d67e}</UniqueIdentifier>
    </Filter>
  </ItemGroup>
  <ItemGroup>
    <ClCompile Include="Main.cpp">
      <Filter>Source Files</Filter>
    </ClCompile>
    <ClCompile Include="imgui\imgui.cpp">
      <Filter>Source Files\imgui</Filter>
    </ClCompile>
    <ClCompile Include="imgui\imgui_demo.cpp">
      <Filter>Source Files\imgui</Filter>
    </ClCompile>
    <ClCompile Include="imgui\imgui_draw.cpp">
      <Filter>Source Files\imgui</Filter>
    </ClCompile>
    <ClCompile Include="imgui\imgui_impl.cpp">
      <Filter>Source Files\imgui</Filter>
    </ClCompile>
    <ClCompile Include="Common.cpp">
      <Filter>Source Files</Filter>
    </ClCompile>
    <ClCompile Include="general\Camera.cpp">
      <Filter>Source Files\general</Filter>
    </ClCompile>
    <ClCompile Include="general\CubeMap.cpp">
      <Filter>Source Files\general</Filter>
    </ClCompile>
    <ClCompile Include="general\GameObject.cpp">
      <Filter>Source Files\general</Filter>
    </ClCompile>
    <ClCompile Include="general\Mesh.cpp">
      <Filter>Source Files\general</Filter>
    </ClCompile>
    <ClCompile Include="general\Model.cpp">
      <Filter>Source Files\general</Filter>
    </ClCompile>
    <ClCompile Include="general\Music.cpp">
      <Filter>Source Files\general</Filter>
    </ClCompile>
    <ClCompile Include="general\Shader.cpp">
      <Filter>Source Files\general</Filter>
    </ClCompile>
    <ClCompile Include="general\Texture.cpp">
      <Filter>Source Files\general</Filter>
    </ClCompile>
    <ClCompile Include="Game.cpp">
      <Filter>Source Files</Filter>
    </ClCompile>
    <ClCompile Include="states\GameState.cpp">
      <Filter>Source Files\states</Filter>
    </ClCompile>
    <ClCompile Include="states\ExampleState.cpp">
      <Filter>Source Files\states</Filter>
    </ClCompile>
    <ClCompile Include="utils\glad.c">
      <Filter>Source Files\utils</Filter>
    </ClCompile>
  </ItemGroup>
  <ItemGroup>
    <ClInclude Include="imgui\imconfig.h">
      <Filter>Header Files\imgui</Filter>
    </ClInclude>
    <ClInclude Include="imgui\imgui_impl.h">
      <Filter>Header Files\imgui</Filter>
    </ClInclude>
    <ClInclude Include="Common.hpp">
      <Filter>Header Files</Filter>
    </ClInclude>
    <ClInclude Include="general\Camera.hpp">
      <Filter>Header Files\general</Filter>
    </ClInclude>
    <ClInclude Include="general\CubeMap.hpp">
      <Filter>Header Files\general</Filter>
    </ClInclude>
    <ClInclude Include="general\GameObject.hpp">
      <Filter>Header Files\general</Filter>
    </ClInclude>
    <ClInclude Include="general\Mesh.hpp">
      <Filter>Header Files\general</Filter>
    </ClInclude>
    <ClInclude Include="general\Model.hpp">
      <Filter>Header Files\general</Filter>
    </ClInclude>
    <ClInclude Include="general\Music.hpp">
      <Filter>Header Files\general</Filter>
    </ClInclude>
    <ClInclude Include="general\Shader.hpp">
      <Filter>Header Files\general</Filter>
    </ClInclude>
    <ClInclude Include="general\Texture.hpp">
      <Filter>Header Files\general</Filter>
    </ClInclude>
    <ClInclude Include="general\Vertex.hpp">
      <Filter>Header Files\general</Filter>
    </ClInclude>
    <ClInclude Include="general\Settings.hpp">
      <Filter>Header Files\general</Filter>
    </ClInclude>
    <ClInclude Include="Game.hpp">
      <Filter>Header Files</Filter>
    </ClInclude>
    <ClInclude Include="states\GameState.hpp">
      <Filter>Header Files\states</Filter>
    </ClInclude>
    <ClInclude Include="states\ExampleState.hpp">
      <Filter>Header Files\states</Filter>
    </ClInclude>
    <ClInclude Include="imgui\font_awesome.hpp">
      <Filter>Header Files\imgui</Filter>
    </ClInclude>
    <ClInclude Include="imgui\font_kenney.hpp">
      <Filter>Header Files\imgui</Filter>
    </ClInclude>
    <ClInclude Include="imgui\font_material_design.hpp">
      <Filter>Header Files\imgui</Filter>
    </ClInclude>
    <ClInclude Include="imgui\fonts.hpp">
      <Filter>Header Files\imgui</Filter>
    </ClInclude>
  </ItemGroup>
</Project>