<?xml version="1.0" encoding="utf-8"?>
<Project ToolsVersion="4.0" xmlns="http://schemas.microsoft.com/developer/msbuild/2003">
  <ItemGroup>
    <Filter Include="Source Files">
      <UniqueIdentifier>{4FC737F1-C7A5-4376-A066-2A32D752A2FF}</UniqueIdentifier>
      <Extensions>cpp;c;cc;cxx;def;odl;idl;hpj;bat;asm;asmx</Extensions>
    </Filter>
    <Filter Include="Header Files">
      <UniqueIdentifier>{93995380-89BD-4b04-88EB-625FBE52EBFB}</UniqueIdentifier>
      <Extensions>h;hh;hpp;hxx;hm;inl;inc;xsd</Extensions>
    </Filter>
    <Filter Include="Resource Files">
      <UniqueIdentifier>{67DA6AB6-F800-4c08-8B7A-83BB121AAD01}</UniqueIdentifier>
      <Extensions>rc;ico;cur;bmp;dlg;rc2;rct;bin;rgs;gif;jpg;jpeg;jpe;resx;tiff;tif;png;wav;mfcribbon-ms</Extensions>
    </Filter>
    <Filter Include="Header Files\general">
      <UniqueIdentifier>{2b75c938-8dbf-4a1e-86c8-bf9c9d45c5e0}</UniqueIdentifier>
    </Filter>
    <Filter Include="Source Files\general">
      <UniqueIdentifier>{6da4cb3a-e062-44ef-8948-e9bdf11ad35b}</UniqueIdentifier>
    </Filter>
    <Filter Include="Source Files\states">
      <UniqueIdentifier>{5e5b19c0-a6bb-4d4e-a0fe-8835d93a45f6}</UniqueIdentifier>
    </Filter>
    <Filter Include="Header Files\states">
      <UniqueIdentifier>{2c2cac21-02f0-4c40-9bbe-fcefd8581366}</UniqueIdentifier>
    </Filter>
    <Filter Include="Source Files\utils">
      <UniqueIdentifier>{58f946d1-f8d0-41e5-bae5-411dc305d67e}</UniqueIdentifier>
    </Filter>
    <Filter Include="Header Files\utils">
      <UniqueIdentifier>{34df35db-514d-44ec-9f07-ad2582bfee0a}</UniqueIdentifier>
    </Filter>
  </ItemGroup>
  <ItemGroup>
    <ClCompile Include="utils\glad.c">
      <Filter>Source Files\utils</Filter>
    </ClCompile>
    <ClCompile Include="general\Camera.c">
      <Filter>Source Files\general</Filter>
    </ClCompile>
    <ClCompile Include="general\GameObject.c">
      <Filter>Source Files\general</Filter>
    </ClCompile>
    <ClCompile Include="general\Music.c">
      <Filter>Source Files\general</Filter>
    </ClCompile>
    <ClCompile Include="general\Shader.c">
      <Filter>Source Files\general</Filter>
    </ClCompile>
    <ClCompile Include="general\Settings.c">
      <Filter>Source Files\general</Filter>
    </ClCompile>
    <ClCompile Include="Game.c">
      <Filter>Source Files</Filter>
    </ClCompile>
    <ClCompile Include="Main.c">
      <Filter>Source Files</Filter>
    </ClCompile>
    <ClCompile Include="general\Texture.c">
      <Filter>Source Files\general</Filter>
    </ClCompile>
    <ClCompile Include="general\Mesh.c">
      <Filter>Source Files\general</Filter>
    </ClCompile>
    <ClCompile Include="general\Model.c">
      <Filter>Source Files\general</Filter>
    </ClCompile>
    <ClCompile Include="general\Cubemap.c">
      <Filter>Source Files\general</Filter>
    </ClCompile>
    <ClCompile Include="utils\Vector.c">
      <Filter>Source Files\utils</Filter>
    </ClCompile>
    <ClCompile Include="states\GameState.c">
      <Filter>Source Files\states</Filter>
    </ClCompile>
    <ClCompile Include="states\State1.c">
      <Filter>Source Files\states</Filter>
    </ClCompile>
    <ClCompile Include="utils\SwissArmyKnife.c">
      <Filter>Source Files\utils</Filter>
    </ClCompile>
    <ClCompile Include="utils\VectorGL.c">
      <Filter>Source Files\utils</Filter>
    </ClCompile>
  </ItemGroup>
  <ItemGroup>
    <ClInclude Include="general\Camera.h">
      <Filter>Header Files\general</Filter>
    </ClInclude>
    <ClInclude Include="general\GameObject.h">
      <Filter>Header Files\general</Filter>
    </ClInclude>
    <ClInclude Include="general\Music.h">
      <Filter>Header Files\general</Filter>
    </ClInclude>
    <ClInclude Include="general\Shader.h">
      <Filter>Header Files\general</Filter>
    </ClInclude>
    <ClInclude Include="general\Settings.h">
      <Filter>Header Files\general</Filter>
    </ClInclude>
    <ClInclude Include="Game.h">
      <Filter>Header Files</Filter>
    </ClInclude>
    <ClInclude Include="general\Cubemap.h">
      <Filter>Header Files\general</Filter>
    </ClInclude>
    <ClInclude Include="general\Mesh.h">
      <Filter>Header Files\general</Filter>
    </ClInclude>
    <ClInclude Include="general\Model.h">
      <Filter>Header Files\general</Filter>
    </ClInclude>
    <ClInclude Include="general\Texture.h">
      <Filter>Header Files\general</Filter>
    </ClInclude>
    <ClInclude Include="general\Vertex.h">
      <Filter>Header Files\general</Filter>
    </ClInclude>
    <ClInclude Include="utils\Vector.h">
      <Filter>Header Files\utils</Filter>
    </ClInclude>
    <ClInclude Include="utils\Typedefs.h">
      <Filter>Header Files\utils</Filter>
    </ClInclude>
    <ClInclude Include="utils\SwissArmyKnife.h">
      <Filter>Header Files\utils</Filter>
    </ClInclude>
    <ClInclude Include="states\GameState.h">
      <Filter>Header Files\states</Filter>
    </ClInclude>
    <ClInclude Include="states\State1.h">
      <Filter>Header Files\states</Filter>
    </ClInclude>
    <ClInclude Include="utils\VectorGL.h">
      <Filter>Header Files\utils</Filter>
    </ClInclude>
  </ItemGroup>
</Project>